
Microsoft Visual Studio Solution File, Format Version 12.00
# Visual Studio Version 17
VisualStudioVersion = 17.3.32922.545
MinimumVisualStudioVersion = 10.0.40219.1
Project("{F2A71F9B-5D33-465A-A702-920D77279786}") = "bank", "bank.fsproj", "{FBFCE367-F84F-4CAA-97AB-96380D27BB5E}"
EndProject
Global
	GlobalSection(SolutionConfigurationPlatforms) = preSolution
		Debug|Any CPU = Debug|Any CPU
		Release|Any CPU = Release|Any CPU
	EndGlobalSection
	GlobalSection(ProjectConfigurationPlatforms) = postSolution
		{FBFCE367-F84F-4CAA-97AB-96380D27BB5E}.Debug|Any CPU.ActiveCfg = Debug|Any CPU
		{FBFCE367-F84F-4CAA-97AB-96380D27BB5E}.Debug|Any CPU.Build.0 = Debug|Any CPU
		{FBFCE367-F84F-4CAA-97AB-96380D27BB5E}.Release|Any CPU.ActiveCfg = Release|Any CPU
		{FBFCE367-F84F-4CAA-97AB-96380D27BB5E}.Release|Any CPU.Build.0 = Release|Any CPU
	EndGlobalSection
	GlobalSection(SolutionProperties) = preSolution
		HideSolutionNode = FALSE
	EndGlobalSection
	GlobalSection(ExtensibilityGlobals) = postSolution
		SolutionGuid = {60316AC1-9ECD-43AB-BFF1-7148453D96D3}
	EndGlobalSection
EndGlobal
